
Microsoft Visual Studio Solution File, Format Version 12.00
# Visual Studio Version 17
VisualStudioVersion = 17.14.36717.8 d17.14
MinimumVisualStudioVersion = 10.0.40219.1
Project("{FAE04EC0-301F-11D3-BF4B-00C04F79EFBC}") = "TaskManagerSystemTest", "TaskManagerSystemTest\TaskManagerSystemTest.csproj", "{3DCFA2EC-AF11-4C6D-8B0C-E81ACAEC18B7}"
EndProject
Global
	GlobalSection(SolutionConfigurationPlatforms) = preSolution
		Debug|Any CPU = Debug|Any CPU
		Release|Any CPU = Release|Any CPU
	EndGlobalSection
	GlobalSection(ProjectConfigurationPlatforms) = postSolution
		{3DCFA2EC-AF11-4C6D-8B0C-E81ACAEC18B7}.Debug|Any CPU.ActiveCfg = Debug|Any CPU
		{3DCFA2EC-AF11-4C6D-8B0C-E81ACAEC18B7}.Debug|Any CPU.Build.0 = Debug|Any CPU
		{3DCFA2EC-AF11-4C6D-8B0C-E81ACAEC18B7}.Release|Any CPU.ActiveCfg = Release|Any CPU
		{3DCFA2EC-AF11-4C6D-8B0C-E81ACAEC18B7}.Release|Any CPU.Build.0 = Release|Any CPU
	EndGlobalSection
	GlobalSection(SolutionProperties) = preSolution
		HideSolutionNode = FALSE
	EndGlobalSection
	GlobalSection(ExtensibilityGlobals) = postSolution
		SolutionGuid = {4465A868-299C-412C-8E30-C73963AF5B1F}
	EndGlobalSection
EndGlobal
